
Microsoft Visual Studio Solution File, Format Version 12.00
# Visual Studio Version 17
VisualStudioVersion = 17.10.34928.147
MinimumVisualStudioVersion = 10.0.40219.1
Project("{9A19103F-16F7-4668-BE54-9A1E7A4F7556}") = "Nimap_dotnet", "Nimap_dotnet.csproj", "{64BADB7A-5826-4F0E-B161-C08A2C3BFD92}"
EndProject
Global
	GlobalSection(SolutionConfigurationPlatforms) = preSolution
		Debug|Any CPU = Debug|Any CPU
		Release|Any CPU = Release|Any CPU
	EndGlobalSection
	GlobalSection(ProjectConfigurationPlatforms) = postSolution
		{64BADB7A-5826-4F0E-B161-C08A2C3BFD92}.Debug|Any CPU.ActiveCfg = Debug|Any CPU
		{64BADB7A-5826-4F0E-B161-C08A2C3BFD92}.Debug|Any CPU.Build.0 = Debug|Any CPU
		{64BADB7A-5826-4F0E-B161-C08A2C3BFD92}.Release|Any CPU.ActiveCfg = Release|Any CPU
		{64BADB7A-5826-4F0E-B161-C08A2C3BFD92}.Release|Any CPU.Build.0 = Release|Any CPU
	EndGlobalSection
	GlobalSection(SolutionProperties) = preSolution
		HideSolutionNode = FALSE
	EndGlobalSection
	GlobalSection(ExtensibilityGlobals) = postSolution
		SolutionGuid = {0E23E453-2AC1-45A3-AD30-1958B6985215}
	EndGlobalSection
EndGlobal
